{
  "name": "seven",
  "version": "0.1.0",
  "lockfileVersion": 2,
  "requires": true,
  "packages": {
    "": {
      "name": "seven",
      "version": "0.1.0",
      "license": "BSD-3-Clause",
      "devDependencies": {
        "typescript": "^4.2.4"
      }
    },
    "node_modules/typescript": {
      "version": "4.2.4",
      "resolved": "https://registry.nlark.com/typescript/download/typescript-4.2.4.tgz?cache=0&sync_timestamp=1619248856008&other_urls=https%3A%2F%2Fregistry.nlark.com%2Ftypescript%2Fdownload%2Ftypescript-4.2.4.tgz",
      "integrity": "sha1-hhC1l0feAo/aiYqK7w4QPxVtCWE=",
      "dev": true,
      "bin": {
        "tsc": "bin/tsc",
        "tsserver": "bin/tsserver"
      },
      "engines": {
        "node": ">=4.2.0"
      }
    }
  },
  "dependencies": {
    "typescript": {
      "version": "4.2.4",
      "resolved": "https://registry.nlark.com/typescript/download/typescript-4.2.4.tgz?cache=0&sync_timestamp=1619248856008&other_urls=https%3A%2F%2Fregistry.nlark.com%2Ftypescript%2Fdownload%2Ftypescript-4.2.4.tgz",
      "integrity": "sha1-hhC1l0feAo/aiYqK7w4QPxVtCWE=",
      "dev": true
    }
  }
}
